// !$*UTF8*$!
{
	archiveVersion = 1;
	classes = {
	};
	objectVersion = 46;
	objects = {

/* Begin PBXBuildFile section */
		B56CE5221C416C9D004DA715 /* AppDelegate.swift in Sources */ = {isa = PBXBuildFile; fileRef = B56CE5211C416C9D004DA715 /* AppDelegate.swift */; };
		B56CE5241C416C9D004DA715 /* ViewController.swift in Sources */ = {isa = PBXBuildFile; fileRef = B56CE5231C416C9D004DA715 /* ViewController.swift */; };
		B56CE5291C416C9D004DA715 /* Assets.xcassets in Resources */ = {isa = PBXBuildFile; fileRef = B56CE5281C416C9D004DA715 /* Assets.xcassets */; };
		B56CE52C1C416C9D004DA715 /* LaunchScreen.storyboard in Resources */ = {isa = PBXBuildFile; fileRef = B56CE52A1C416C9D004DA715 /* LaunchScreen.storyboard */; };
/* End PBXBuildFile section */

/* Begin PBXFileReference section */
		B56CE51E1C416C9D004DA715 /* InteractiveTransitionExample.app */ = {isa = PBXFileReference; explicitFileType = wrapper.application; includeInIndex = 0; path = InteractiveTransitionExample.app; sourceTree = BUILT_PRODUCTS_DIR; };
		B56CE5211C416C9D004DA715 /* AppDelegate.swift */ = {isa = PBXFileReference; lastKnownFileType = sourcecode.swift; path = AppDelegate.swift; sourceTree = "<group>"; };
		B56CE5231C416C9D004DA715 /* ViewController.swift */ = {isa = PBXFileReference; lastKnownFileType = sourcecode.swift; path = ViewController.swift; sourceTree = "<group>"; };
		B56CE5281C416C9D004DA715 /* Assets.xcassets */ = {isa = PBXFileReference; lastKnownFileType = folder.assetcatalog; path = Assets.xcassets; sourceTree = "<group>"; };
		B56CE52B1C416C9D004DA715 /* Base */ = {isa = PBXFileReference; lastKnownFileType = file.storyboard; name = Base; path = Base.lproj/LaunchScreen.storyboard; sourceTree = "<group>"; };
		B56CE52D1C416C9D004DA715 /* Info.plist */ = {isa = PBXFileReference; lastKnownFileType = text.plist.xml; path = Info.plist; sourceTree = "<group>"; };
/* End PBXFileReference section */

/* Begin PBXFrameworksBuildPhase section */
		B56CE51B1C416C9D004DA715 /* Frameworks */ = {
			isa = PBXFrameworksBuildPhase;
			buildActionMask = 2147483647;
			files = (
			);
			runOnlyForDeploymentPostprocessing = 0;
		};
/* End PBXFrameworksBuildPhase section */

/* Begin PBXGroup section */
		B56CE5151C416C9D004DA715 = {
			isa = PBXGroup;
			children = (
				B56CE5201C416C9D004DA715 /* InteractiveTransitionExample */,
				B56CE51F1C416C9D004DA715 /* Products */,
			);
			sourceTree = "<group>";
		};
		B56CE51F1C416C9D004DA715 /* Products */ = {
			isa = PBXGroup;
			children = (
				B56CE51E1C416C9D004DA715 /* InteractiveTransitionExample.app */,
			);
			name = Products;
			sourceTree = "<group>";
		};
		B56CE5201C416C9D004DA715 /* InteractiveTransitionExample */ = {
			isa = PBXGroup;
			children = (
				B56CE5211C416C9D004DA715 /* AppDelegate.swift */,
				B56CE5231C416C9D004DA715 /* ViewController.swift */,
				B56CE5281C416C9D004DA715 /* Assets.xcassets */,
				B56CE52A1C416C9D004DA715 /* LaunchScreen.storyboard */,
				B56CE52D1C416C9D004DA715 /* Info.plist */,
			);
			path = InteractiveTransitionExample;
			sourceTree = "<group>";
		};
/* End PBXGroup section */

/* Begin PBXNativeTarget section */
		B56CE51D1C416C9D004DA715 /* InteractiveTransitionExample */ = {
			isa = PBXNativeTarget;
			buildConfigurationList = B56CE5301C416C9D004DA715 /* Build configuration list for PBXNativeTarget "InteractiveTransitionExample" */;
			buildPhases = (
				B56CE51A1C416C9D004DA715 /* Sources */,
				B56CE51B1C416C9D004DA715 /* Frameworks */,
				B56CE51C1C416C9D004DA715 /* Resources */,
			);
			buildRules = (
			);
			dependencies = (
			);
			name = InteractiveTransitionExample;
			productName = InteractiveTransitionExample;
			productReference = B56CE51E1C416C9D004DA715 /* InteractiveTransitionExample.app */;
			productType = "com.apple.product-type.application";
		};
/* End PBXNativeTarget section */

/* Begin PBXProject section */
		B56CE5161C416C9D004DA715 /* Project object */ = {
			isa = PBXProject;
			attributes = {
				LastSwiftUpdateCheck = 0720;
				LastUpgradeCheck = 0720;
				ORGANIZATIONNAME = "Matt Buckley";
				TargetAttributes = {
					B56CE51D1C416C9D004DA715 = {
						CreatedOnToolsVersion = 7.2;
					};
				};
			};
			buildConfigurationList = B56CE5191C416C9D004DA715 /* Build configuration list for PBXProject "InteractiveTransitionExample" */;
			compatibilityVersion = "Xcode 3.2";
			developmentRegion = English;
			hasScannedForEncodings = 0;
			knownRegions = (
				en,
				Base,
			);
			mainGroup = B56CE5151C416C9D004DA715;
			productRefGroup = B56CE51F1C416C9D004DA715 /* Products */;
			projectDirPath = "";
			projectRoot = "";
			targets = (
				B56CE51D1C416C9D004DA715 /* InteractiveTransitionExample */,
			);
		};
/* End PBXProject section */

/* Begin PBXResourcesBuildPhase section */
		B56CE51C1C416C9D004DA715 /* Resources */ = {
			isa = PBXResourcesBuildPhase;
			buildActionMask = 2147483647;
			files = (
				B56CE52C1C416C9D004DA715 /* LaunchScreen.storyboard in Resources */,
				B56CE5291C416C9D004DA715 /* Assets.xcassets in Resources */,
			);
			runOnlyForDeploymentPostprocessing = 0;
		};
/* End PBXResourcesBuildPhase section */

/* Begin PBXSourcesBuildPhase section */
		B56CE51A1C416C9D004DA715 /* Sources */ = {
			isa = PBXSourcesBuildPhase;
			buildActionMask = 2147483647;
			files = (
				B56CE5241C416C9D004DA715 /* ViewController.swift in Sources */,
				B56CE5221C416C9D004DA715 /* AppDelegate.swift in Sources */,
			);
			runOnlyForDeploymentPostprocessing = 0;
		};
/* End PBXSourcesBuildPhase section */

/* Begin PBXVariantGroup section */
		B56CE52A1C416C9D004DA715 /* LaunchScreen.storyboard */ = {
			isa = PBXVariantGroup;
			children = (
				B56CE52B1C416C9D004DA715 /* Base */,
			);
			name = LaunchScreen.storyboard;
			sourceTree = "<group>";
		};
/* End PBXVariantGroup section */

/* Begin XCBuildConfiguration section */
		B56CE52E1C416C9D004DA715 /* Debug */ = {
			isa = XCBuildConfiguration;
			buildSettings = {
				ALWAYS_SEARCH_USER_PATHS = NO;
				CLANG_CXX_LANGUAGE_STANDARD = "gnu++0x";
				CLANG_CXX_LIBRARY = "libc++";
				CLANG_ENABLE_MODULES = YES;
				CLANG_ENABLE_OBJC_ARC = YES;
				CLANG_WARN_BOOL_CONVERSION = YES;
				CLANG_WARN_CONSTANT_CONVERSION = YES;
				CLANG_WARN_DIRECT_OBJC_ISA_USAGE = YES_ERROR;
				CLANG_WARN_EMPTY_BODY = YES;
				CLANG_WARN_ENUM_CONVERSION = YES;
				CLANG_WARN_INT_CONVERSION = YES;
				CLANG_WARN_OBJC_ROOT_CLASS = YES_ERROR;
				CLANG_WARN_UNREACHABLE_CODE = YES;
				CLANG_WARN__DUPLICATE_METHOD_MATCH = YES;
				"CODE_SIGN_IDENTITY[sdk=iphoneos*]" = "iPhone Developer";
				COPY_PHASE_STRIP = NO;
				DEBUG_INFORMATION_FORMAT = dwarf;
				ENABLE_STRICT_OBJC_MSGSEND = YES;
				ENABLE_TESTABILITY = YES;
				GCC_C_LANGUAGE_STANDARD = gnu99;
				GCC_DYNAMIC_NO_PIC = NO;
				GCC_NO_COMMON_BLOCKS = YES;
				GCC_OPTIMIZATION_LEVEL = 0;
				GCC_PREPROCESSOR_DEFINITIONS = (
					"DEBUG=1",
					"$(inherited)",
				);
				GCC_WARN_64_TO_32_BIT_CONVERSION = YES;
				GCC_WARN_ABOUT_RETURN_TYPE = YES_ERROR;
				GCC_WARN_UNDECLARED_SELECTOR = YES;
				GCC_WARN_UNINITIALIZED_AUTOS = YES_AGGRESSIVE;
				GCC_WARN_UNUSED_FUNCTION = YES;
				GCC_WARN_UNUSED_VARIABLE = YES;
				IPHONEOS_DEPLOYMENT_TARGET = 9.2;
				MTL_ENABLE_DEBUG_INFO = YES;
				ONLY_ACTIVE_ARCH = YES;
				SDKROOT = iphoneos;
				SWIFT_OPTIMIZATION_LEVEL = "-Onone";
			};
			name = Debug;
		};
		B56CE52F1C416C9D004DA715 /* Release */ = {
			isa = XCBuildConfiguration;
			buildSettings = {
				ALWAYS_SEARCH_USER_PATHS = NO;
				CLANG_CXX_LANGUAGE_STANDARD = "gnu++0x";
				CLANG_CXX_LIBRARY = "libc++";
				CLANG_ENABLE_MODULES = YES;
				CLANG_ENABLE_OBJC_ARC = YES;
				CLANG_WARN_BOOL_CONVERSION = YES;
				CLANG_WARN_CONSTANT_CONVERSION = YES;
				CLANG_WARN_DIRECT_OBJC_ISA_USAGE = YES_ERROR;
				CLANG_WARN_EMPTY_BODY = YES;
				CLANG_WARN_ENUM_CONVERSION = YES;
				CLANG_WARN_INT_CONVERSION = YES;
				CLANG_WARN_OBJC_ROOT_CLASS = YES_ERROR;
				CLANG_WARN_UNREACHABLE_CODE = YES;
				CLANG_WARN__DUPLICATE_METHOD_MATCH = YES;
				"CODE_SIGN_IDENTITY[sdk=iphoneos*]" = "iPhone Developer";
				COPY_PHASE_STRIP = NO;
				DEBUG_INFORMATION_FORMAT = "dwarf-with-dsym";
				ENABLE_NS_ASSERTIONS = NO;
				ENABLE_STRICT_OBJC_MSGSEND = YES;
				GCC_C_LANGUAGE_STANDARD = gnu99;
				GCC_NO_COMMON_BLOCKS = YES;
				GCC_WARN_64_TO_32_BIT_CONVERSION = YES;
				GCC_WARN_ABOUT_RETURN_TYPE = YES_ERROR;
				GCC_WARN_UNDECLARED_SELECTOR = YES;
				GCC_WARN_UNINITIALIZED_AUTOS = YES_AGGRESSIVE;
				GCC_WARN_UNUSED_FUNCTION = YES;
				GCC_WARN_UNUSED_VARIABLE = YES;
				IPHONEOS_DEPLOYMENT_TARGET = 9.2;
				MTL_ENABLE_DEBUG_INFO = NO;
				SDKROOT = iphoneos;
				VALIDATE_PRODUCT = YES;
			};
			name = Release;
		};
		B56CE5311C416C9D004DA715 /* Debug */ = {
			isa = XCBuildConfiguration;
			buildSettings = {
				ASSETCATALOG_COMPILER_APPICON_NAME = AppIcon;
				INFOPLIST_FILE = InteractiveTransitionExample/Info.plist;
				LD_RUNPATH_SEARCH_PATHS = "$(inherited) @executable_path/Frameworks";
				PRODUCT_BUNDLE_IDENTIFIER = com.mattbuckley.InteractiveTransitionExample;
				PRODUCT_NAME = "$(TARGET_NAME)";
			};
			name = Debug;
		};
		B56CE5321C416C9D004DA715 /* Release */ = {
			isa = XCBuildConfiguration;
			buildSettings = {
				ASSETCATALOG_COMPILER_APPICON_NAME = AppIcon;
				INFOPLIST_FILE = InteractiveTransitionExample/Info.plist;
				LD_RUNPATH_SEARCH_PATHS = "$(inherited) @executable_path/Frameworks";
				PRODUCT_BUNDLE_IDENTIFIER = com.mattbuckley.InteractiveTransitionExample;
				PRODUCT_NAME = "$(TARGET_NAME)";
			};
			name = Release;
		};
/* End XCBuildConfiguration section */

/* Begin XCConfigurationList section */
		B56CE5191C416C9D004DA715 /* Build configuration list for PBXProject "InteractiveTransitionExample" */ = {
			isa = XCConfigurationList;
			buildConfigurations = (
				B56CE52E1C416C9D004DA715 /* Debug */,
				B56CE52F1C416C9D004DA715 /* Release */,
			);
			defaultConfigurationIsVisible = 0;
			defaultConfigurationName = Release;
		};
		B56CE5301C416C9D004DA715 /* Build configuration list for PBXNativeTarget "InteractiveTransitionExample" */ = {
			isa = XCConfigurationList;
			buildConfigurations = (
				B56CE5311C416C9D004DA715 /* Debug */,
				B56CE5321C416C9D004DA715 /* Release */,
			);
			defaultConfigurationIsVisible = 0;
		};
/* End XCConfigurationList section */
	};
	rootObject = B56CE5161C416C9D004DA715 /* Project object */;
}
